// !$*UTF8*$!
{
	archiveVersion = 1;
	classes = {
	};
	objectVersion = 50;
	objects = {

/* Begin PBXBuildFile section */
		C3081253244EFE7B007B6046 /* Assets in CopyFiles */ = {isa = PBXBuildFile; fileRef = C3081252244EFE75007B6046 /* Assets */; };
		C33CF0C8245C546900C0A451 /* utils.cpp in Sources */ = {isa = PBXBuildFile; fileRef = C33CF0C6245C546900C0A451 /* utils.cpp */; };
		C33CF0CB2461D04300C0A451 /* Board.cpp in Sources */ = {isa = PBXBuildFile; fileRef = C33CF0C92461D04300C0A451 /* Board.cpp */; };
		C3B24073245042730035FD93 /* Game.cpp in Sources */ = {isa = PBXBuildFile; fileRef = C3B24071245042730035FD93 /* Game.cpp */; };
		C3B2407724506A730035FD93 /* Piece.cpp in Sources */ = {isa = PBXBuildFile; fileRef = C3B2407524506A730035FD93 /* Piece.cpp */; };
		C3B4E9DB244E1FD80073691E /* main.cpp in Sources */ = {isa = PBXBuildFile; fileRef = C3B4E9DA244E1FD80073691E /* main.cpp */; };
		C3B4E9E7244E214B0073691E /* libsfml-graphics.2.5.1.dylib in Frameworks */ = {isa = PBXBuildFile; fileRef = C3B4E9E2244E214B0073691E /* libsfml-graphics.2.5.1.dylib */; };
		C3B4E9E8244E214B0073691E /* libsfml-network.2.5.1.dylib in Frameworks */ = {isa = PBXBuildFile; fileRef = C3B4E9E3244E214B0073691E /* libsfml-network.2.5.1.dylib */; };
		C3B4E9E9244E214B0073691E /* libsfml-system.2.5.1.dylib in Frameworks */ = {isa = PBXBuildFile; fileRef = C3B4E9E4244E214B0073691E /* libsfml-system.2.5.1.dylib */; };
		C3B4E9EA244E214B0073691E /* libsfml-window.2.5.1.dylib in Frameworks */ = {isa = PBXBuildFile; fileRef = C3B4E9E5244E214B0073691E /* libsfml-window.2.5.1.dylib */; };
		C3B4E9EB244E214B0073691E /* libsfml-audio.2.5.1.dylib in Frameworks */ = {isa = PBXBuildFile; fileRef = C3B4E9E6244E214B0073691E /* libsfml-audio.2.5.1.dylib */; };
/* End PBXBuildFile section */

/* Begin PBXCopyFilesBuildPhase section */
		C308124E244EFCBD007B6046 /* CopyFiles */ = {
			isa = PBXCopyFilesBuildPhase;
			buildActionMask = 2147483647;
			dstPath = "";
			dstSubfolderSpec = 7;
			files = (
				C3081253244EFE7B007B6046 /* Assets in CopyFiles */,
			);
			runOnlyForDeploymentPostprocessing = 0;
		};
		C3B4E9D5244E1FD80073691E /* CopyFiles */ = {
			isa = PBXCopyFilesBuildPhase;
			buildActionMask = 2147483647;
			dstPath = /usr/share/man/man1/;
			dstSubfolderSpec = 0;
			files = (
			);
			runOnlyForDeploymentPostprocessing = 1;
		};
/* End PBXCopyFilesBuildPhase section */

/* Begin PBXFileReference section */
		C3081252244EFE75007B6046 /* Assets */ = {isa = PBXFileReference; lastKnownFileType = folder; path = Assets; sourceTree = "<group>"; };
		C3365D52248B734600E4FB98 /* Settings.h */ = {isa = PBXFileReference; lastKnownFileType = sourcecode.c.h; path = Settings.h; sourceTree = "<group>"; };
		C33CF0C4245C3DF300C0A451 /* Constants.h */ = {isa = PBXFileReference; lastKnownFileType = sourcecode.c.h; path = Constants.h; sourceTree = "<group>"; };
		C33CF0C6245C546900C0A451 /* utils.cpp */ = {isa = PBXFileReference; lastKnownFileType = sourcecode.cpp.cpp; path = utils.cpp; sourceTree = "<group>"; };
		C33CF0C7245C546900C0A451 /* utils.hpp */ = {isa = PBXFileReference; lastKnownFileType = sourcecode.cpp.h; path = utils.hpp; sourceTree = "<group>"; };
		C33CF0C92461D04300C0A451 /* Board.cpp */ = {isa = PBXFileReference; lastKnownFileType = sourcecode.cpp.cpp; path = Board.cpp; sourceTree = "<group>"; };
		C33CF0CA2461D04300C0A451 /* Board.hpp */ = {isa = PBXFileReference; lastKnownFileType = sourcecode.cpp.h; path = Board.hpp; sourceTree = "<group>"; };
		C3B24071245042730035FD93 /* Game.cpp */ = {isa = PBXFileReference; lastKnownFileType = sourcecode.cpp.cpp; name = Game.cpp; path = Game/Game.cpp; sourceTree = "<group>"; };
		C3B24072245042730035FD93 /* Game.hpp */ = {isa = PBXFileReference; lastKnownFileType = sourcecode.cpp.h; name = Game.hpp; path = Game/Game.hpp; sourceTree = "<group>"; };
		C3B2407524506A730035FD93 /* Piece.cpp */ = {isa = PBXFileReference; lastKnownFileType = sourcecode.cpp.cpp; name = Piece.cpp; path = Piece/Piece.cpp; sourceTree = "<group>"; };
		C3B2407624506A730035FD93 /* Piece.hpp */ = {isa = PBXFileReference; lastKnownFileType = sourcecode.cpp.h; name = Piece.hpp; path = Piece/Piece.hpp; sourceTree = "<group>"; };
		C3B4E9D7244E1FD80073691E /* MirrorChess */ = {isa = PBXFileReference; explicitFileType = "compiled.mach-o.executable"; includeInIndex = 0; path = MirrorChess; sourceTree = BUILT_PRODUCTS_DIR; };
		C3B4E9DA244E1FD80073691E /* main.cpp */ = {isa = PBXFileReference; indentWidth = 4; lastKnownFileType = sourcecode.cpp.cpp; path = main.cpp; sourceTree = "<group>"; tabWidth = 4; xcLanguageSpecificationIdentifier = xcode.lang.cpp; };
		C3B4E9E2244E214B0073691E /* libsfml-graphics.2.5.1.dylib */ = {isa = PBXFileReference; lastKnownFileType = "compiled.mach-o.dylib"; name = "libsfml-graphics.2.5.1.dylib"; path = "ExternalLibraries/SFML/lib/libsfml-graphics.2.5.1.dylib"; sourceTree = "<group>"; };
		C3B4E9E3244E214B0073691E /* libsfml-network.2.5.1.dylib */ = {isa = PBXFileReference; lastKnownFileType = "compiled.mach-o.dylib"; name = "libsfml-network.2.5.1.dylib"; path = "ExternalLibraries/SFML/lib/libsfml-network.2.5.1.dylib"; sourceTree = "<group>"; };
		C3B4E9E4244E214B0073691E /* libsfml-system.2.5.1.dylib */ = {isa = PBXFileReference; lastKnownFileType = "compiled.mach-o.dylib"; name = "libsfml-system.2.5.1.dylib"; path = "ExternalLibraries/SFML/lib/libsfml-system.2.5.1.dylib"; sourceTree = "<group>"; };
		C3B4E9E5244E214B0073691E /* libsfml-window.2.5.1.dylib */ = {isa = PBXFileReference; lastKnownFileType = "compiled.mach-o.dylib"; name = "libsfml-window.2.5.1.dylib"; path = "ExternalLibraries/SFML/lib/libsfml-window.2.5.1.dylib"; sourceTree = "<group>"; };
		C3B4E9E6244E214B0073691E /* libsfml-audio.2.5.1.dylib */ = {isa = PBXFileReference; lastKnownFileType = "compiled.mach-o.dylib"; name = "libsfml-audio.2.5.1.dylib"; path = "ExternalLibraries/SFML/lib/libsfml-audio.2.5.1.dylib"; sourceTree = "<group>"; };
		C3D520A9244E3A350099C577 /* ResourcePath.hpp */ = {isa = PBXFileReference; fileEncoding = 4; lastKnownFileType = sourcecode.cpp.h; path = ResourcePath.hpp; sourceTree = "<group>"; };
/* End PBXFileReference section */

/* Begin PBXFrameworksBuildPhase section */
		C3B4E9D4244E1FD80073691E /* Frameworks */ = {
			isa = PBXFrameworksBuildPhase;
			buildActionMask = 2147483647;
			files = (
				C3B4E9E7244E214B0073691E /* libsfml-graphics.2.5.1.dylib in Frameworks */,
				C3B4E9E8244E214B0073691E /* libsfml-network.2.5.1.dylib in Frameworks */,
				C3B4E9E9244E214B0073691E /* libsfml-system.2.5.1.dylib in Frameworks */,
				C3B4E9EA244E214B0073691E /* libsfml-window.2.5.1.dylib in Frameworks */,
				C3B4E9EB244E214B0073691E /* libsfml-audio.2.5.1.dylib in Frameworks */,
			);
			runOnlyForDeploymentPostprocessing = 0;
		};
/* End PBXFrameworksBuildPhase section */

/* Begin PBXGroup section */
		C3B4E9CE244E1FD80073691E = {
			isa = PBXGroup;
			children = (
				C3B4E9D9244E1FD80073691E /* MirrorChess */,
				C3B4E9D8244E1FD80073691E /* Products */,
				C3B4E9E1244E214B0073691E /* Frameworks */,
			);
			sourceTree = "<group>";
		};
		C3B4E9D8244E1FD80073691E /* Products */ = {
			isa = PBXGroup;
			children = (
				C3B4E9D7244E1FD80073691E /* MirrorChess */,
			);
			name = Products;
			sourceTree = "<group>";
		};
		C3B4E9D9244E1FD80073691E /* MirrorChess */ = {
			isa = PBXGroup;
			children = (
				C3081252244EFE75007B6046 /* Assets */,
				C3D520A9244E3A350099C577 /* ResourcePath.hpp */,
				C3B4E9DA244E1FD80073691E /* main.cpp */,
				C3B24071245042730035FD93 /* Game.cpp */,
				C33CF0C92461D04300C0A451 /* Board.cpp */,
				C3365D52248B734600E4FB98 /* Settings.h */,
				C33CF0CA2461D04300C0A451 /* Board.hpp */,
				C3B2407524506A730035FD93 /* Piece.cpp */,
				C3B2407624506A730035FD93 /* Piece.hpp */,
				C3B24072245042730035FD93 /* Game.hpp */,
				C33CF0C4245C3DF300C0A451 /* Constants.h */,
				C33CF0C6245C546900C0A451 /* utils.cpp */,
				C33CF0C7245C546900C0A451 /* utils.hpp */,
			);
			path = MirrorChess;
			sourceTree = "<group>";
		};
		C3B4E9E1244E214B0073691E /* Frameworks */ = {
			isa = PBXGroup;
			children = (
				C3B4E9E6244E214B0073691E /* libsfml-audio.2.5.1.dylib */,
				C3B4E9E2244E214B0073691E /* libsfml-graphics.2.5.1.dylib */,
				C3B4E9E3244E214B0073691E /* libsfml-network.2.5.1.dylib */,
				C3B4E9E4244E214B0073691E /* libsfml-system.2.5.1.dylib */,
				C3B4E9E5244E214B0073691E /* libsfml-window.2.5.1.dylib */,
			);
			name = Frameworks;
			sourceTree = "<group>";
		};
/* End PBXGroup section */

/* Begin PBXNativeTarget section */
		C3B4E9D6244E1FD80073691E /* MirrorChess */ = {
			isa = PBXNativeTarget;
			buildConfigurationList = C3B4E9DE244E1FD80073691E /* Build configuration list for PBXNativeTarget "MirrorChess" */;
			buildPhases = (
				C3B4E9D3244E1FD80073691E /* Sources */,
				C3B4E9D4244E1FD80073691E /* Frameworks */,
				C3B4E9D5244E1FD80073691E /* CopyFiles */,
				C308124E244EFCBD007B6046 /* CopyFiles */,
			);
			buildRules = (
			);
			dependencies = (
			);
			name = MirrorChess;
			productName = MirrorChess;
			productReference = C3B4E9D7244E1FD80073691E /* MirrorChess */;
			productType = "com.apple.product-type.tool";
		};
/* End PBXNativeTarget section */

/* Begin PBXProject section */
		C3B4E9CF244E1FD80073691E /* Project object */ = {
			isa = PBXProject;
			attributes = {
				LastUpgradeCheck = 1140;
				ORGANIZATIONNAME = "Sergio Colado";
				TargetAttributes = {
					C3B4E9D6244E1FD80073691E = {
						CreatedOnToolsVersion = 11.4.1;
					};
				};
			};
			buildConfigurationList = C3B4E9D2244E1FD80073691E /* Build configuration list for PBXProject "MirrorChess" */;
			compatibilityVersion = "Xcode 9.3";
			developmentRegion = en;
			hasScannedForEncodings = 0;
			knownRegions = (
				en,
				Base,
			);
			mainGroup = C3B4E9CE244E1FD80073691E;
			productRefGroup = C3B4E9D8244E1FD80073691E /* Products */;
			projectDirPath = "";
			projectRoot = "";
			targets = (
				C3B4E9D6244E1FD80073691E /* MirrorChess */,
			);
		};
/* End PBXProject section */

/* Begin PBXSourcesBuildPhase section */
		C3B4E9D3244E1FD80073691E /* Sources */ = {
			isa = PBXSourcesBuildPhase;
			buildActionMask = 2147483647;
			files = (
				C3B2407724506A730035FD93 /* Piece.cpp in Sources */,
				C3B4E9DB244E1FD80073691E /* main.cpp in Sources */,
				C3B24073245042730035FD93 /* Game.cpp in Sources */,
				C33CF0CB2461D04300C0A451 /* Board.cpp in Sources */,
				C33CF0C8245C546900C0A451 /* utils.cpp in Sources */,
			);
			runOnlyForDeploymentPostprocessing = 0;
		};
/* End PBXSourcesBuildPhase section */

/* Begin XCBuildConfiguration section */
		C3B4E9DC244E1FD80073691E /* Debug */ = {
			isa = XCBuildConfiguration;
			buildSettings = {
				ALWAYS_SEARCH_USER_PATHS = NO;
				CLANG_ANALYZER_NONNULL = YES;
				CLANG_ANALYZER_NUMBER_OBJECT_CONVERSION = YES_AGGRESSIVE;
				CLANG_CXX_LANGUAGE_STANDARD = "gnu++14";
				CLANG_CXX_LIBRARY = "libc++";
				CLANG_ENABLE_MODULES = YES;
				CLANG_ENABLE_OBJC_ARC = YES;
				CLANG_ENABLE_OBJC_WEAK = YES;
				CLANG_WARN_BLOCK_CAPTURE_AUTORELEASING = YES;
				CLANG_WARN_BOOL_CONVERSION = YES;
				CLANG_WARN_COMMA = YES;
				CLANG_WARN_CONSTANT_CONVERSION = YES;
				CLANG_WARN_DEPRECATED_OBJC_IMPLEMENTATIONS = YES;
				CLANG_WARN_DIRECT_OBJC_ISA_USAGE = YES_ERROR;
				CLANG_WARN_DOCUMENTATION_COMMENTS = YES;
				CLANG_WARN_EMPTY_BODY = YES;
				CLANG_WARN_ENUM_CONVERSION = YES;
				CLANG_WARN_INFINITE_RECURSION = YES;
				CLANG_WARN_INT_CONVERSION = YES;
				CLANG_WARN_NON_LITERAL_NULL_CONVERSION = YES;
				CLANG_WARN_OBJC_IMPLICIT_RETAIN_SELF = YES;
				CLANG_WARN_OBJC_LITERAL_CONVERSION = YES;
				CLANG_WARN_OBJC_ROOT_CLASS = YES_ERROR;
				CLANG_WARN_RANGE_LOOP_ANALYSIS = YES;
				CLANG_WARN_STRICT_PROTOTYPES = YES;
				CLANG_WARN_SUSPICIOUS_MOVE = YES;
				CLANG_WARN_UNGUARDED_AVAILABILITY = YES_AGGRESSIVE;
				CLANG_WARN_UNREACHABLE_CODE = YES;
				CLANG_WARN__DUPLICATE_METHOD_MATCH = YES;
				COPY_PHASE_STRIP = NO;
				DEBUG_INFORMATION_FORMAT = dwarf;
				ENABLE_STRICT_OBJC_MSGSEND = YES;
				ENABLE_TESTABILITY = YES;
				GCC_C_LANGUAGE_STANDARD = gnu11;
				GCC_DYNAMIC_NO_PIC = NO;
				GCC_NO_COMMON_BLOCKS = YES;
				GCC_OPTIMIZATION_LEVEL = 0;
				GCC_PREPROCESSOR_DEFINITIONS = (
					"DEBUG=1",
					"$(inherited)",
				);
				GCC_WARN_64_TO_32_BIT_CONVERSION = YES;
				GCC_WARN_ABOUT_RETURN_TYPE = YES_ERROR;
				GCC_WARN_UNDECLARED_SELECTOR = YES;
				GCC_WARN_UNINITIALIZED_AUTOS = YES_AGGRESSIVE;
				GCC_WARN_UNUSED_FUNCTION = YES;
				GCC_WARN_UNUSED_VARIABLE = YES;
				MACOSX_DEPLOYMENT_TARGET = 10.15;
				MTL_ENABLE_DEBUG_INFO = INCLUDE_SOURCE;
				MTL_FAST_MATH = YES;
				ONLY_ACTIVE_ARCH = YES;
				SDKROOT = macosx;
			};
			name = Debug;
		};
		C3B4E9DD244E1FD80073691E /* Release */ = {
			isa = XCBuildConfiguration;
			buildSettings = {
				ALWAYS_SEARCH_USER_PATHS = NO;
				CLANG_ANALYZER_NONNULL = YES;
				CLANG_ANALYZER_NUMBER_OBJECT_CONVERSION = YES_AGGRESSIVE;
				CLANG_CXX_LANGUAGE_STANDARD = "gnu++14";
				CLANG_CXX_LIBRARY = "libc++";
				CLANG_ENABLE_MODULES = YES;
				CLANG_ENABLE_OBJC_ARC = YES;
				CLANG_ENABLE_OBJC_WEAK = YES;
				CLANG_WARN_BLOCK_CAPTURE_AUTORELEASING = YES;
				CLANG_WARN_BOOL_CONVERSION = YES;
				CLANG_WARN_COMMA = YES;
				CLANG_WARN_CONSTANT_CONVERSION = YES;
				CLANG_WARN_DEPRECATED_OBJC_IMPLEMENTATIONS = YES;
				CLANG_WARN_DIRECT_OBJC_ISA_USAGE = YES_ERROR;
				CLANG_WARN_DOCUMENTATION_COMMENTS = YES;
				CLANG_WARN_EMPTY_BODY = YES;
				CLANG_WARN_ENUM_CONVERSION = YES;
				CLANG_WARN_INFINITE_RECURSION = YES;
				CLANG_WARN_INT_CONVERSION = YES;
				CLANG_WARN_NON_LITERAL_NULL_CONVERSION = YES;
				CLANG_WARN_OBJC_IMPLICIT_RETAIN_SELF = YES;
				CLANG_WARN_OBJC_LITERAL_CONVERSION = YES;
				CLANG_WARN_OBJC_ROOT_CLASS = YES_ERROR;
				CLANG_WARN_RANGE_LOOP_ANALYSIS = YES;
				CLANG_WARN_STRICT_PROTOTYPES = YES;
				CLANG_WARN_SUSPICIOUS_MOVE = YES;
				CLANG_WARN_UNGUARDED_AVAILABILITY = YES_AGGRESSIVE;
				CLANG_WARN_UNREACHABLE_CODE = YES;
				CLANG_WARN__DUPLICATE_METHOD_MATCH = YES;
				COPY_PHASE_STRIP = NO;
				DEBUG_INFORMATION_FORMAT = "dwarf-with-dsym";
				ENABLE_NS_ASSERTIONS = NO;
				ENABLE_STRICT_OBJC_MSGSEND = YES;
				GCC_C_LANGUAGE_STANDARD = gnu11;
				GCC_NO_COMMON_BLOCKS = YES;
				GCC_WARN_64_TO_32_BIT_CONVERSION = YES;
				GCC_WARN_ABOUT_RETURN_TYPE = YES_ERROR;
				GCC_WARN_UNDECLARED_SELECTOR = YES;
				GCC_WARN_UNINITIALIZED_AUTOS = YES_AGGRESSIVE;
				GCC_WARN_UNUSED_FUNCTION = YES;
				GCC_WARN_UNUSED_VARIABLE = YES;
				MACOSX_DEPLOYMENT_TARGET = 10.15;
				MTL_ENABLE_DEBUG_INFO = NO;
				MTL_FAST_MATH = YES;
				SDKROOT = macosx;
			};
			name = Release;
		};
		C3B4E9DF244E1FD80073691E /* Debug */ = {
			isa = XCBuildConfiguration;
			buildSettings = {
				CODE_SIGN_STYLE = Automatic;
				HEADER_SEARCH_PATHS = "${SRCROOT}/ExternalLibraries/SFML/include";
				LIBRARY_SEARCH_PATHS = (
					"$(inherited)",
					"$(PROJECT_DIR)/ExternalLibraries/SFML/lib",
				);
				PRODUCT_NAME = "$(TARGET_NAME)";
			};
			name = Debug;
		};
		C3B4E9E0244E1FD80073691E /* Release */ = {
			isa = XCBuildConfiguration;
			buildSettings = {
				CODE_SIGN_STYLE = Automatic;
				HEADER_SEARCH_PATHS = "${SRCROOT}/ExternalLibraries/SFML/include";
				LIBRARY_SEARCH_PATHS = (
					"$(inherited)",
					"$(PROJECT_DIR)/ExternalLibraries/SFML/lib",
				);
				PRODUCT_NAME = "$(TARGET_NAME)";
			};
			name = Release;
		};
/* End XCBuildConfiguration section */

/* Begin XCConfigurationList section */
		C3B4E9D2244E1FD80073691E /* Build configuration list for PBXProject "MirrorChess" */ = {
			isa = XCConfigurationList;
			buildConfigurations = (
				C3B4E9DC244E1FD80073691E /* Debug */,
				C3B4E9DD244E1FD80073691E /* Release */,
			);
			defaultConfigurationIsVisible = 0;
			defaultConfigurationName = Release;
		};
		C3B4E9DE244E1FD80073691E /* Build configuration list for PBXNativeTarget "MirrorChess" */ = {
			isa = XCConfigurationList;
			buildConfigurations = (
				C3B4E9DF244E1FD80073691E /* Debug */,
				C3B4E9E0244E1FD80073691E /* Release */,
			);
			defaultConfigurationIsVisible = 0;
			defaultConfigurationName = Release;
		};
/* End XCConfigurationList section */
	};
	rootObject = C3B4E9CF244E1FD80073691E /* Project object */;
}
